
Microsoft Visual Studio Solution File, Format Version 12.00
# Visual Studio Version 17
VisualStudioVersion = 17.8.34316.72
MinimumVisualStudioVersion = 10.0.40219.1
Project("{FAE04EC0-301F-11D3-BF4B-00C04F79EFBC}") = "BDGWebAppp", "BDGWebAppp\BDGWebAppp.csproj", "{4F07D8C2-3B2E-44C4-B41C-BF55C600B0D6}"
EndProject
Global
	GlobalSection(SolutionConfigurationPlatforms) = preSolution
		Debug|Any CPU = Debug|Any CPU
		Release|Any CPU = Release|Any CPU
	EndGlobalSection
	GlobalSection(ProjectConfigurationPlatforms) = postSolution
		{4F07D8C2-3B2E-44C4-B41C-BF55C600B0D6}.Debug|Any CPU.ActiveCfg = Debug|Any CPU
		{4F07D8C2-3B2E-44C4-B41C-BF55C600B0D6}.Debug|Any CPU.Build.0 = Debug|Any CPU
		{4F07D8C2-3B2E-44C4-B41C-BF55C600B0D6}.Release|Any CPU.ActiveCfg = Release|Any CPU
		{4F07D8C2-3B2E-44C4-B41C-BF55C600B0D6}.Release|Any CPU.Build.0 = Release|Any CPU
	EndGlobalSection
	GlobalSection(SolutionProperties) = preSolution
		HideSolutionNode = FALSE
	EndGlobalSection
	GlobalSection(ExtensibilityGlobals) = postSolution
		SolutionGuid = {266418BE-4403-4C39-9125-724F58E0659F}
	EndGlobalSection
EndGlobal
